
Microsoft Visual Studio Solution File, Format Version 12.00
# Visual Studio Version 16
VisualStudioVersion = 16.0.35706.149
MinimumVisualStudioVersion = 10.0.40219.1
Project("{FAE04EC0-301F-11D3-BF4B-00C04F79EFBC}") = "Capa_Vista_SO", "Capa_Vista_SO\Capa_Vista_SO.csproj", "{13826EAC-55B1-45EC-A489-B10707AB0300}"
EndProject
Global
	GlobalSection(SolutionConfigurationPlatforms) = preSolution
		Debug|Any CPU = Debug|Any CPU
		Release|Any CPU = Release|Any CPU
	EndGlobalSection
	GlobalSection(ProjectConfigurationPlatforms) = postSolution
		{13826EAC-55B1-45EC-A489-B10707AB0300}.Debug|Any CPU.ActiveCfg = Debug|Any CPU
		{13826EAC-55B1-45EC-A489-B10707AB0300}.Debug|Any CPU.Build.0 = Debug|Any CPU
		{13826EAC-55B1-45EC-A489-B10707AB0300}.Release|Any CPU.ActiveCfg = Release|Any CPU
		{13826EAC-55B1-45EC-A489-B10707AB0300}.Release|Any CPU.Build.0 = Release|Any CPU
	EndGlobalSection
	GlobalSection(SolutionProperties) = preSolution
		HideSolutionNode = FALSE
	EndGlobalSection
	GlobalSection(ExtensibilityGlobals) = postSolution
		SolutionGuid = {92349831-7052-4AE5-A068-BCC62CC1B2CD}
	EndGlobalSection
EndGlobal
